// !$*UTF8*$!
{
	archiveVersion = 1;
	classes = {
	};
	objectVersion = 46;
	objects = {

/* Begin PBXBuildFile section */
		ADA69E111A79A2EF00C18523 /* main.swift in Sources */ = {isa = PBXBuildFile; fileRef = ADA69E101A79A2EF00C18523 /* main.swift */; };
		ADA69E181A79A32D00C18523 /* BankAccount.swift in Sources */ = {isa = PBXBuildFile; fileRef = ADA69E171A79A32D00C18523 /* BankAccount.swift */; };
		ADA69E1A1A79A35D00C18523 /* Transaction.swift in Sources */ = {isa = PBXBuildFile; fileRef = ADA69E191A79A35D00C18523 /* Transaction.swift */; };
		ADA69E1C1A79A39200C18523 /* DepositTransaction.swift in Sources */ = {isa = PBXBuildFile; fileRef = ADA69E1B1A79A39200C18523 /* DepositTransaction.swift */; };
		ADA69E1E1A79A3E400C18523 /* WithdrawalTransaction.swift in Sources */ = {isa = PBXBuildFile; fileRef = ADA69E1D1A79A3E400C18523 /* WithdrawalTransaction.swift */; };
		ADA69E201A79A43B00C18523 /* CheckTransaction.swift in Sources */ = {isa = PBXBuildFile; fileRef = ADA69E1F1A79A43B00C18523 /* CheckTransaction.swift */; };
		ADC8EED51A7D9B4F00E16D17 /* Assigment1Test.swift in Sources */ = {isa = PBXBuildFile; fileRef = ADC8EED41A7D9B4F00E16D17 /* Assigment1Test.swift */; };
		ADC8EED91A7D9B6700E16D17 /* BankAccount.swift in Sources */ = {isa = PBXBuildFile; fileRef = ADA69E171A79A32D00C18523 /* BankAccount.swift */; };
		ADC8EEDA1A7D9B6F00E16D17 /* Transaction.swift in Sources */ = {isa = PBXBuildFile; fileRef = ADA69E191A79A35D00C18523 /* Transaction.swift */; };
		ADC8EEDB1A7D9B7300E16D17 /* DepositTransaction.swift in Sources */ = {isa = PBXBuildFile; fileRef = ADA69E1B1A79A39200C18523 /* DepositTransaction.swift */; };
		ADC8EEDC1A7D9B7800E16D17 /* WithdrawalTransaction.swift in Sources */ = {isa = PBXBuildFile; fileRef = ADA69E1D1A79A3E400C18523 /* WithdrawalTransaction.swift */; };
		ADC8EEDD1A7D9B7C00E16D17 /* CheckTransaction.swift in Sources */ = {isa = PBXBuildFile; fileRef = ADA69E1F1A79A43B00C18523 /* CheckTransaction.swift */; };
/* End PBXBuildFile section */

/* Begin PBXCopyFilesBuildPhase section */
		ADA69E0B1A79A2EF00C18523 /* CopyFiles */ = {
			isa = PBXCopyFilesBuildPhase;
			buildActionMask = 2147483647;
			dstPath = /usr/share/man/man1/;
			dstSubfolderSpec = 0;
			files = (
			);
			runOnlyForDeploymentPostprocessing = 1;
		};
/* End PBXCopyFilesBuildPhase section */

/* Begin PBXFileReference section */
		ADA69E0D1A79A2EF00C18523 /* Assignment1 */ = {isa = PBXFileReference; explicitFileType = "compiled.mach-o.executable"; includeInIndex = 0; path = Assignment1; sourceTree = BUILT_PRODUCTS_DIR; };
		ADA69E101A79A2EF00C18523 /* main.swift */ = {isa = PBXFileReference; lastKnownFileType = sourcecode.swift; path = main.swift; sourceTree = "<group>"; };
		ADA69E171A79A32D00C18523 /* BankAccount.swift */ = {isa = PBXFileReference; fileEncoding = 4; lastKnownFileType = sourcecode.swift; path = BankAccount.swift; sourceTree = "<group>"; };
		ADA69E191A79A35D00C18523 /* Transaction.swift */ = {isa = PBXFileReference; fileEncoding = 4; lastKnownFileType = sourcecode.swift; path = Transaction.swift; sourceTree = "<group>"; };
		ADA69E1B1A79A39200C18523 /* DepositTransaction.swift */ = {isa = PBXFileReference; fileEncoding = 4; lastKnownFileType = sourcecode.swift; path = DepositTransaction.swift; sourceTree = "<group>"; };
		ADA69E1D1A79A3E400C18523 /* WithdrawalTransaction.swift */ = {isa = PBXFileReference; fileEncoding = 4; lastKnownFileType = sourcecode.swift; path = WithdrawalTransaction.swift; sourceTree = "<group>"; };
		ADA69E1F1A79A43B00C18523 /* CheckTransaction.swift */ = {isa = PBXFileReference; fileEncoding = 4; lastKnownFileType = sourcecode.swift; path = CheckTransaction.swift; sourceTree = "<group>"; };
		ADC8EED01A7D9B4F00E16D17 /* Assigment1Test.xctest */ = {isa = PBXFileReference; explicitFileType = wrapper.cfbundle; includeInIndex = 0; path = Assigment1Test.xctest; sourceTree = BUILT_PRODUCTS_DIR; };
		ADC8EED31A7D9B4F00E16D17 /* Info.plist */ = {isa = PBXFileReference; lastKnownFileType = text.plist.xml; path = Info.plist; sourceTree = "<group>"; };
		ADC8EED41A7D9B4F00E16D17 /* Assigment1Test.swift */ = {isa = PBXFileReference; lastKnownFileType = sourcecode.swift; path = Assigment1Test.swift; sourceTree = "<group>"; };
/* End PBXFileReference section */

/* Begin PBXFrameworksBuildPhase section */
		ADA69E0A1A79A2EF00C18523 /* Frameworks */ = {
			isa = PBXFrameworksBuildPhase;
			buildActionMask = 2147483647;
			files = (
			);
			runOnlyForDeploymentPostprocessing = 0;
		};
		ADC8EECD1A7D9B4F00E16D17 /* Frameworks */ = {
			isa = PBXFrameworksBuildPhase;
			buildActionMask = 2147483647;
			files = (
			);
			runOnlyForDeploymentPostprocessing = 0;
		};
/* End PBXFrameworksBuildPhase section */

/* Begin PBXGroup section */
		ADA69E041A79A2EF00C18523 = {
			isa = PBXGroup;
			children = (
				ADA69E0F1A79A2EF00C18523 /* Assignment1 */,
				ADC8EED11A7D9B4F00E16D17 /* Assigment1Test */,
				ADA69E0E1A79A2EF00C18523 /* Products */,
			);
			sourceTree = "<group>";
		};
		ADA69E0E1A79A2EF00C18523 /* Products */ = {
			isa = PBXGroup;
			children = (
				ADA69E0D1A79A2EF00C18523 /* Assignment1 */,
				ADC8EED01A7D9B4F00E16D17 /* Assigment1Test.xctest */,
			);
			name = Products;
			sourceTree = "<group>";
		};
		ADA69E0F1A79A2EF00C18523 /* Assignment1 */ = {
			isa = PBXGroup;
			children = (
				ADA69E101A79A2EF00C18523 /* main.swift */,
				ADA69E171A79A32D00C18523 /* BankAccount.swift */,
				ADA69E191A79A35D00C18523 /* Transaction.swift */,
				ADA69E1B1A79A39200C18523 /* DepositTransaction.swift */,
				ADA69E1D1A79A3E400C18523 /* WithdrawalTransaction.swift */,
				ADA69E1F1A79A43B00C18523 /* CheckTransaction.swift */,
			);
			path = Assignment1;
			sourceTree = "<group>";
		};
		ADC8EED11A7D9B4F00E16D17 /* Assigment1Test */ = {
			isa = PBXGroup;
			children = (
				ADC8EED41A7D9B4F00E16D17 /* Assigment1Test.swift */,
				ADC8EED21A7D9B4F00E16D17 /* Supporting Files */,
			);
			path = Assigment1Test;
			sourceTree = "<group>";
		};
		ADC8EED21A7D9B4F00E16D17 /* Supporting Files */ = {
			isa = PBXGroup;
			children = (
				ADC8EED31A7D9B4F00E16D17 /* Info.plist */,
			);
			name = "Supporting Files";
			sourceTree = "<group>";
		};
/* End PBXGroup section */

/* Begin PBXNativeTarget section */
		ADA69E0C1A79A2EF00C18523 /* Assignment1 */ = {
			isa = PBXNativeTarget;
			buildConfigurationList = ADA69E141A79A2EF00C18523 /* Build configuration list for PBXNativeTarget "Assignment1" */;
			buildPhases = (
				ADA69E091A79A2EF00C18523 /* Sources */,
				ADA69E0A1A79A2EF00C18523 /* Frameworks */,
				ADA69E0B1A79A2EF00C18523 /* CopyFiles */,
			);
			buildRules = (
			);
			dependencies = (
			);
			name = Assignment1;
			productName = Assignment1;
			productReference = ADA69E0D1A79A2EF00C18523 /* Assignment1 */;
			productType = "com.apple.product-type.tool";
		};
		ADC8EECF1A7D9B4F00E16D17 /* Assigment1Test */ = {
			isa = PBXNativeTarget;
			buildConfigurationList = ADC8EED81A7D9B4F00E16D17 /* Build configuration list for PBXNativeTarget "Assigment1Test" */;
			buildPhases = (
				ADC8EECC1A7D9B4F00E16D17 /* Sources */,
				ADC8EECD1A7D9B4F00E16D17 /* Frameworks */,
				ADC8EECE1A7D9B4F00E16D17 /* Resources */,
			);
			buildRules = (
			);
			dependencies = (
			);
			name = Assigment1Test;
			productName = Assigment1Test;
			productReference = ADC8EED01A7D9B4F00E16D17 /* Assigment1Test.xctest */;
			productType = "com.apple.product-type.bundle.unit-test";
		};
/* End PBXNativeTarget section */

/* Begin PBXProject section */
		ADA69E051A79A2EF00C18523 /* Project object */ = {
			isa = PBXProject;
			attributes = {
				LastUpgradeCheck = 0610;
				ORGANIZATIONNAME = Comp1601;
				TargetAttributes = {
					ADA69E0C1A79A2EF00C18523 = {
						CreatedOnToolsVersion = 6.1.1;
					};
					ADC8EECF1A7D9B4F00E16D17 = {
						CreatedOnToolsVersion = 6.1.1;
					};
				};
			};
			buildConfigurationList = ADA69E081A79A2EF00C18523 /* Build configuration list for PBXProject "Assignment1" */;
			compatibilityVersion = "Xcode 3.2";
			developmentRegion = English;
			hasScannedForEncodings = 0;
			knownRegions = (
				en,
			);
			mainGroup = ADA69E041A79A2EF00C18523;
			productRefGroup = ADA69E0E1A79A2EF00C18523 /* Products */;
			projectDirPath = "";
			projectRoot = "";
			targets = (
				ADA69E0C1A79A2EF00C18523 /* Assignment1 */,
				ADC8EECF1A7D9B4F00E16D17 /* Assigment1Test */,
			);
		};
/* End PBXProject section */

/* Begin PBXResourcesBuildPhase section */
		ADC8EECE1A7D9B4F00E16D17 /* Resources */ = {
			isa = PBXResourcesBuildPhase;
			buildActionMask = 2147483647;
			files = (
			);
			runOnlyForDeploymentPostprocessing = 0;
		};
/* End PBXResourcesBuildPhase section */

/* Begin PBXSourcesBuildPhase section */
		ADA69E091A79A2EF00C18523 /* Sources */ = {
			isa = PBXSourcesBuildPhase;
			buildActionMask = 2147483647;
			files = (
				ADA69E111A79A2EF00C18523 /* main.swift in Sources */,
				ADA69E1C1A79A39200C18523 /* DepositTransaction.swift in Sources */,
				ADA69E181A79A32D00C18523 /* BankAccount.swift in Sources */,
				ADA69E201A79A43B00C18523 /* CheckTransaction.swift in Sources */,
				ADA69E1A1A79A35D00C18523 /* Transaction.swift in Sources */,
				ADA69E1E1A79A3E400C18523 /* WithdrawalTransaction.swift in Sources */,
			);
			runOnlyForDeploymentPostprocessing = 0;
		};
		ADC8EECC1A7D9B4F00E16D17 /* Sources */ = {
			isa = PBXSourcesBuildPhase;
			buildActionMask = 2147483647;
			files = (
				ADC8EEDD1A7D9B7C00E16D17 /* CheckTransaction.swift in Sources */,
				ADC8EEDC1A7D9B7800E16D17 /* WithdrawalTransaction.swift in Sources */,
				ADC8EEDB1A7D9B7300E16D17 /* DepositTransaction.swift in Sources */,
				ADC8EEDA1A7D9B6F00E16D17 /* Transaction.swift in Sources */,
				ADC8EED91A7D9B6700E16D17 /* BankAccount.swift in Sources */,
				ADC8EED51A7D9B4F00E16D17 /* Assigment1Test.swift in Sources */,
			);
			runOnlyForDeploymentPostprocessing = 0;
		};
/* End PBXSourcesBuildPhase section */

/* Begin XCBuildConfiguration section */
		ADA69E121A79A2EF00C18523 /* Debug */ = {
			isa = XCBuildConfiguration;
			buildSettings = {
				ALWAYS_SEARCH_USER_PATHS = NO;
				CLANG_CXX_LANGUAGE_STANDARD = "gnu++0x";
				CLANG_CXX_LIBRARY = "libc++";
				CLANG_ENABLE_MODULES = YES;
				CLANG_ENABLE_OBJC_ARC = YES;
				CLANG_WARN_BOOL_CONVERSION = YES;
				CLANG_WARN_CONSTANT_CONVERSION = YES;
				CLANG_WARN_DIRECT_OBJC_ISA_USAGE = YES_ERROR;
				CLANG_WARN_EMPTY_BODY = YES;
				CLANG_WARN_ENUM_CONVERSION = YES;
				CLANG_WARN_INT_CONVERSION = YES;
				CLANG_WARN_OBJC_ROOT_CLASS = YES_ERROR;
				CLANG_WARN_UNREACHABLE_CODE = YES;
				CLANG_WARN__DUPLICATE_METHOD_MATCH = YES;
				COPY_PHASE_STRIP = NO;
				ENABLE_STRICT_OBJC_MSGSEND = YES;
				GCC_C_LANGUAGE_STANDARD = gnu99;
				GCC_DYNAMIC_NO_PIC = NO;
				GCC_OPTIMIZATION_LEVEL = 0;
				GCC_PREPROCESSOR_DEFINITIONS = (
					"DEBUG=1",
					"$(inherited)",
				);
				GCC_SYMBOLS_PRIVATE_EXTERN = NO;
				GCC_WARN_64_TO_32_BIT_CONVERSION = YES;
				GCC_WARN_ABOUT_RETURN_TYPE = YES_ERROR;
				GCC_WARN_UNDECLARED_SELECTOR = YES;
				GCC_WARN_UNINITIALIZED_AUTOS = YES_AGGRESSIVE;
				GCC_WARN_UNUSED_FUNCTION = YES;
				GCC_WARN_UNUSED_VARIABLE = YES;
				MACOSX_DEPLOYMENT_TARGET = 10.9;
				MTL_ENABLE_DEBUG_INFO = YES;
				ONLY_ACTIVE_ARCH = YES;
				SDKROOT = macosx;
				SWIFT_OPTIMIZATION_LEVEL = "-Onone";
			};
			name = Debug;
		};
		ADA69E131A79A2EF00C18523 /* Release */ = {
			isa = XCBuildConfiguration;
			buildSettings = {
				ALWAYS_SEARCH_USER_PATHS = NO;
				CLANG_CXX_LANGUAGE_STANDARD = "gnu++0x";
				CLANG_CXX_LIBRARY = "libc++";
				CLANG_ENABLE_MODULES = YES;
				CLANG_ENABLE_OBJC_ARC = YES;
				CLANG_WARN_BOOL_CONVERSION = YES;
				CLANG_WARN_CONSTANT_CONVERSION = YES;
				CLANG_WARN_DIRECT_OBJC_ISA_USAGE = YES_ERROR;
				CLANG_WARN_EMPTY_BODY = YES;
				CLANG_WARN_ENUM_CONVERSION = YES;
				CLANG_WARN_INT_CONVERSION = YES;
				CLANG_WARN_OBJC_ROOT_CLASS = YES_ERROR;
				CLANG_WARN_UNREACHABLE_CODE = YES;
				CLANG_WARN__DUPLICATE_METHOD_MATCH = YES;
				COPY_PHASE_STRIP = YES;
				DEBUG_INFORMATION_FORMAT = "dwarf-with-dsym";
				ENABLE_NS_ASSERTIONS = NO;
				ENABLE_STRICT_OBJC_MSGSEND = YES;
				GCC_C_LANGUAGE_STANDARD = gnu99;
				GCC_WARN_64_TO_32_BIT_CONVERSION = YES;
				GCC_WARN_ABOUT_RETURN_TYPE = YES_ERROR;
				GCC_WARN_UNDECLARED_SELECTOR = YES;
				GCC_WARN_UNINITIALIZED_AUTOS = YES_AGGRESSIVE;
				GCC_WARN_UNUSED_FUNCTION = YES;
				GCC_WARN_UNUSED_VARIABLE = YES;
				MACOSX_DEPLOYMENT_TARGET = 10.9;
				MTL_ENABLE_DEBUG_INFO = NO;
				SDKROOT = macosx;
			};
			name = Release;
		};
		ADA69E151A79A2EF00C18523 /* Debug */ = {
			isa = XCBuildConfiguration;
			buildSettings = {
				PRODUCT_NAME = "$(TARGET_NAME)";
			};
			name = Debug;
		};
		ADA69E161A79A2EF00C18523 /* Release */ = {
			isa = XCBuildConfiguration;
			buildSettings = {
				PRODUCT_NAME = "$(TARGET_NAME)";
			};
			name = Release;
		};
		ADC8EED61A7D9B4F00E16D17 /* Debug */ = {
			isa = XCBuildConfiguration;
			buildSettings = {
				COMBINE_HIDPI_IMAGES = YES;
				FRAMEWORK_SEARCH_PATHS = (
					"$(DEVELOPER_FRAMEWORKS_DIR)",
					"$(inherited)",
				);
				GCC_PREPROCESSOR_DEFINITIONS = (
					"DEBUG=1",
					"$(inherited)",
				);
				INFOPLIST_FILE = Assigment1Test/Info.plist;
				LD_RUNPATH_SEARCH_PATHS = "$(inherited) @executable_path/../Frameworks @loader_path/../Frameworks";
				PRODUCT_NAME = "$(TARGET_NAME)";
			};
			name = Debug;
		};
		ADC8EED71A7D9B4F00E16D17 /* Release */ = {
			isa = XCBuildConfiguration;
			buildSettings = {
				COMBINE_HIDPI_IMAGES = YES;
				FRAMEWORK_SEARCH_PATHS = (
					"$(DEVELOPER_FRAMEWORKS_DIR)",
					"$(inherited)",
				);
				INFOPLIST_FILE = Assigment1Test/Info.plist;
				LD_RUNPATH_SEARCH_PATHS = "$(inherited) @executable_path/../Frameworks @loader_path/../Frameworks";
				PRODUCT_NAME = "$(TARGET_NAME)";
			};
			name = Release;
		};
/* End XCBuildConfiguration section */

/* Begin XCConfigurationList section */
		ADA69E081A79A2EF00C18523 /* Build configuration list for PBXProject "Assignment1" */ = {
			isa = XCConfigurationList;
			buildConfigurations = (
				ADA69E121A79A2EF00C18523 /* Debug */,
				ADA69E131A79A2EF00C18523 /* Release */,
			);
			defaultConfigurationIsVisible = 0;
			defaultConfigurationName = Release;
		};
		ADA69E141A79A2EF00C18523 /* Build configuration list for PBXNativeTarget "Assignment1" */ = {
			isa = XCConfigurationList;
			buildConfigurations = (
				ADA69E151A79A2EF00C18523 /* Debug */,
				ADA69E161A79A2EF00C18523 /* Release */,
			);
			defaultConfigurationIsVisible = 0;
			defaultConfigurationName = Release;
		};
		ADC8EED81A7D9B4F00E16D17 /* Build configuration list for PBXNativeTarget "Assigment1Test" */ = {
			isa = XCConfigurationList;
			buildConfigurations = (
				ADC8EED61A7D9B4F00E16D17 /* Debug */,
				ADC8EED71A7D9B4F00E16D17 /* Release */,
			);
			defaultConfigurationIsVisible = 0;
		};
/* End XCConfigurationList section */
	};
	rootObject = ADA69E051A79A2EF00C18523 /* Project object */;
}
